
Microsoft Visual Studio Solution File, Format Version 12.00
# Visual Studio Version 17
VisualStudioVersion = 17.3.32825.248
MinimumVisualStudioVersion = 10.0.40219.1
Project("{F184B08F-C81C-45F6-A57F-5ABD9991F28F}") = "613Prototype", "613Prototype.vbproj", "{5BB7A0F7-984A-411E-B08A-2745837934A4}"
EndProject
Global
	GlobalSection(SolutionConfigurationPlatforms) = preSolution
		Debug|Any CPU = Debug|Any CPU
		Release|Any CPU = Release|Any CPU
	EndGlobalSection
	GlobalSection(ProjectConfigurationPlatforms) = postSolution
		{5BB7A0F7-984A-411E-B08A-2745837934A4}.Debug|Any CPU.ActiveCfg = Debug|Any CPU
		{5BB7A0F7-984A-411E-B08A-2745837934A4}.Debug|Any CPU.Build.0 = Debug|Any CPU
		{5BB7A0F7-984A-411E-B08A-2745837934A4}.Release|Any CPU.ActiveCfg = Release|Any CPU
		{5BB7A0F7-984A-411E-B08A-2745837934A4}.Release|Any CPU.Build.0 = Release|Any CPU
	EndGlobalSection
	GlobalSection(SolutionProperties) = preSolution
		HideSolutionNode = FALSE
	EndGlobalSection
	GlobalSection(ExtensibilityGlobals) = postSolution
		SolutionGuid = {F4730C23-E2FB-4E2D-95B1-B59E068DCB89}
	EndGlobalSection
EndGlobal
